
Microsoft Visual Studio Solution File, Format Version 12.00
# Visual Studio Version 17
VisualStudioVersion = 17.2.32616.157
MinimumVisualStudioVersion = 10.0.40219.1
Project("{FAE04EC0-301F-11D3-BF4B-00C04F79EFBC}") = "demoASP", "demoASP\demoASP.csproj", "{CDA625E2-A32D-4D52-AD15-DDDFB46F5A5F}"
EndProject
Global
	GlobalSection(SolutionConfigurationPlatforms) = preSolution
		Debug|Any CPU = Debug|Any CPU
		Release|Any CPU = Release|Any CPU
	EndGlobalSection
	GlobalSection(ProjectConfigurationPlatforms) = postSolution
		{CDA625E2-A32D-4D52-AD15-DDDFB46F5A5F}.Debug|Any CPU.ActiveCfg = Debug|Any CPU
		{CDA625E2-A32D-4D52-AD15-DDDFB46F5A5F}.Debug|Any CPU.Build.0 = Debug|Any CPU
		{CDA625E2-A32D-4D52-AD15-DDDFB46F5A5F}.Release|Any CPU.ActiveCfg = Release|Any CPU
		{CDA625E2-A32D-4D52-AD15-DDDFB46F5A5F}.Release|Any CPU.Build.0 = Release|Any CPU
	EndGlobalSection
	GlobalSection(SolutionProperties) = preSolution
		HideSolutionNode = FALSE
	EndGlobalSection
	GlobalSection(ExtensibilityGlobals) = postSolution
		SolutionGuid = {972D3854-3B07-4724-A370-586C23CA69AE}
	EndGlobalSection
EndGlobal
