
Microsoft Visual Studio Solution File, Format Version 12.00
# Visual Studio Version 17
VisualStudioVersion = 17.2.32616.157
MinimumVisualStudioVersion = 10.0.40219.1
Project("{FAE04EC0-301F-11D3-BF4B-00C04F79EFBC}") = "comptebancaire", "comptebancaire\comptebancaire.csproj", "{CCACD998-F5BF-4B91-9BAE-36EB99398E46}"
EndProject
Global
	GlobalSection(SolutionConfigurationPlatforms) = preSolution
		Debug|Any CPU = Debug|Any CPU
		Release|Any CPU = Release|Any CPU
	EndGlobalSection
	GlobalSection(ProjectConfigurationPlatforms) = postSolution
		{CCACD998-F5BF-4B91-9BAE-36EB99398E46}.Debug|Any CPU.ActiveCfg = Debug|Any CPU
		{CCACD998-F5BF-4B91-9BAE-36EB99398E46}.Debug|Any CPU.Build.0 = Debug|Any CPU
		{CCACD998-F5BF-4B91-9BAE-36EB99398E46}.Release|Any CPU.ActiveCfg = Release|Any CPU
		{CCACD998-F5BF-4B91-9BAE-36EB99398E46}.Release|Any CPU.Build.0 = Release|Any CPU
	EndGlobalSection
	GlobalSection(SolutionProperties) = preSolution
		HideSolutionNode = FALSE
	EndGlobalSection
	GlobalSection(ExtensibilityGlobals) = postSolution
		SolutionGuid = {6F0AEE25-551A-4C18-9481-F8BAA347D91F}
	EndGlobalSection
EndGlobal
